github.com/deckarep/gosx-notifier v0.0.0-20180201035817-e127226297fb h1:6S+TKObz6+Io2c8IOkcbK4Sz7nj6RpEVU7TkvmsZZcw=
github.com/deckarep/gosx-notifier v0.0.0-20180201035817-e127226297fb/go.mod h1:wf3nKtOnQqCp7kp9xB7hHnNlZ6m3NoiOxjrB9hFRq4Y=
github.com/martinlindhe/notify v0.0.0-20181008203735-20632c9a275a h1:nQcAxLK581HrmqF0TVy2GC3iFjB8X+aWGtxQ/t2uyGE=
github.com/martinlindhe/notify v0.0.0-20181008203735-20632c9a275a/go.mod h1:zL1p4SieQ27ZZ4V4KdVYdEcSkVl1OwNoi8xI1r5hJkc=
